
Microsoft Visual Studio Solution File, Format Version 12.00
# Visual Studio 15
VisualStudioVersion = 15.0.28307.168
MinimumVisualStudioVersion = 10.0.40219.1
Project("{9A19103F-16F7-4668-BE54-9A1E7A4F7556}") = "OpheliaSuiteV2.Core.DataAccess.SQL", "OpheliaSuiteV2.Core.DataAccess.SQL\OpheliaSuiteV2.Core.DataAccess.SQL.csproj", "{CE7DE5CA-58F8-40F2-90CD-6F4A4407DBC9}"
EndProject
Project("{FAE04EC0-301F-11D3-BF4B-00C04F79EFBC}") = "OpheliaSuiteV2.Core.DataAccess.SQL.TestConsole", "OpheliaSuiteV2.Core.DataAccess.SQL.TestConsole\OpheliaSuiteV2.Core.DataAccess.SQL.TestConsole.csproj", "{00A7BCA8-863C-4B3E-B946-40DB3A4E2F39}"
EndProject
Global
	GlobalSection(SolutionConfigurationPlatforms) = preSolution
		Debug|Any CPU = Debug|Any CPU
		Release|Any CPU = Release|Any CPU
	EndGlobalSection
	GlobalSection(ProjectConfigurationPlatforms) = postSolution
		{CE7DE5CA-58F8-40F2-90CD-6F4A4407DBC9}.Debug|Any CPU.ActiveCfg = Debug|Any CPU
		{CE7DE5CA-58F8-40F2-90CD-6F4A4407DBC9}.Debug|Any CPU.Build.0 = Debug|Any CPU
		{CE7DE5CA-58F8-40F2-90CD-6F4A4407DBC9}.Release|Any CPU.ActiveCfg = Release|Any CPU
		{CE7DE5CA-58F8-40F2-90CD-6F4A4407DBC9}.Release|Any CPU.Build.0 = Release|Any CPU
		{00A7BCA8-863C-4B3E-B946-40DB3A4E2F39}.Debug|Any CPU.ActiveCfg = Debug|Any CPU
		{00A7BCA8-863C-4B3E-B946-40DB3A4E2F39}.Debug|Any CPU.Build.0 = Debug|Any CPU
		{00A7BCA8-863C-4B3E-B946-40DB3A4E2F39}.Release|Any CPU.ActiveCfg = Release|Any CPU
		{00A7BCA8-863C-4B3E-B946-40DB3A4E2F39}.Release|Any CPU.Build.0 = Release|Any CPU
	EndGlobalSection
	GlobalSection(SolutionProperties) = preSolution
		HideSolutionNode = FALSE
	EndGlobalSection
	GlobalSection(ExtensibilityGlobals) = postSolution
		SolutionGuid = {7DDE519B-3B35-46CF-B4B2-AC048CE4C926}
	EndGlobalSection
EndGlobal
